
Microsoft Visual Studio Solution File, Format Version 12.00
# Visual Studio Version 16
VisualStudioVersion = 16.0.31829.152
MinimumVisualStudioVersion = 10.0.40219.1
Project("{FAE04EC0-301F-11D3-BF4B-00C04F79EFBC}") = "AplicacionWPF", "AplicacionWPF\AplicacionWPF.csproj", "{DBCF9741-03C8-4608-88ED-E8F62D239B24}"
EndProject
Global
	GlobalSection(SolutionConfigurationPlatforms) = preSolution
		Debug|Any CPU = Debug|Any CPU
		Release|Any CPU = Release|Any CPU
	EndGlobalSection
	GlobalSection(ProjectConfigurationPlatforms) = postSolution
		{DBCF9741-03C8-4608-88ED-E8F62D239B24}.Debug|Any CPU.ActiveCfg = Debug|Any CPU
		{DBCF9741-03C8-4608-88ED-E8F62D239B24}.Debug|Any CPU.Build.0 = Debug|Any CPU
		{DBCF9741-03C8-4608-88ED-E8F62D239B24}.Release|Any CPU.ActiveCfg = Release|Any CPU
		{DBCF9741-03C8-4608-88ED-E8F62D239B24}.Release|Any CPU.Build.0 = Release|Any CPU
	EndGlobalSection
	GlobalSection(SolutionProperties) = preSolution
		HideSolutionNode = FALSE
	EndGlobalSection
	GlobalSection(ExtensibilityGlobals) = postSolution
		SolutionGuid = {CF523C0A-3AED-4DDE-8E11-F86F23B59ECE}
	EndGlobalSection
EndGlobal
